
Microsoft Visual Studio Solution File, Format Version 12.00
# Visual Studio Version 17
VisualStudioVersion = 17.14.36811.4 d17.14
MinimumVisualStudioVersion = 10.0.40219.1
Project("{FAE04EC0-301F-11D3-BF4B-00C04F79EFBC}") = "SecretApp", "SecretApp\SecretApp.csproj", "{9FA9C61C-1A8C-4936-931F-4646B290191E}"
EndProject
Global
	GlobalSection(SolutionConfigurationPlatforms) = preSolution
		Debug|Any CPU = Debug|Any CPU
		Release|Any CPU = Release|Any CPU
	EndGlobalSection
	GlobalSection(ProjectConfigurationPlatforms) = postSolution
		{9FA9C61C-1A8C-4936-931F-4646B290191E}.Debug|Any CPU.ActiveCfg = Debug|Any CPU
		{9FA9C61C-1A8C-4936-931F-4646B290191E}.Debug|Any CPU.Build.0 = Debug|Any CPU
		{9FA9C61C-1A8C-4936-931F-4646B290191E}.Release|Any CPU.ActiveCfg = Release|Any CPU
		{9FA9C61C-1A8C-4936-931F-4646B290191E}.Release|Any CPU.Build.0 = Release|Any CPU
	EndGlobalSection
	GlobalSection(SolutionProperties) = preSolution
		HideSolutionNode = FALSE
	EndGlobalSection
	GlobalSection(ExtensibilityGlobals) = postSolution
		SolutionGuid = {4F5CE9B8-DC52-40DA-8979-11E20160EADF}
	EndGlobalSection
EndGlobal
